
Microsoft Visual Studio Solution File, Format Version 12.00
# Visual Studio Version 16
VisualStudioVersion = 16.0.31313.79
MinimumVisualStudioVersion = 10.0.40219.1
Project("{FAE04EC0-301F-11D3-BF4B-00C04F79EFBC}") = "RGB_to_Giants_color_converter", "RGB_to_Giants_color_converter\RGB_to_Giants_color_converter.csproj", "{0B82B85D-419B-4FBB-B3AB-3FF87BE4E34E}"
EndProject
Global
	GlobalSection(SolutionConfigurationPlatforms) = preSolution
		Debug|Any CPU = Debug|Any CPU
		Release|Any CPU = Release|Any CPU
	EndGlobalSection
	GlobalSection(ProjectConfigurationPlatforms) = postSolution
		{0B82B85D-419B-4FBB-B3AB-3FF87BE4E34E}.Debug|Any CPU.ActiveCfg = Debug|Any CPU
		{0B82B85D-419B-4FBB-B3AB-3FF87BE4E34E}.Debug|Any CPU.Build.0 = Debug|Any CPU
		{0B82B85D-419B-4FBB-B3AB-3FF87BE4E34E}.Release|Any CPU.ActiveCfg = Release|Any CPU
		{0B82B85D-419B-4FBB-B3AB-3FF87BE4E34E}.Release|Any CPU.Build.0 = Release|Any CPU
	EndGlobalSection
	GlobalSection(SolutionProperties) = preSolution
		HideSolutionNode = FALSE
	EndGlobalSection
	GlobalSection(ExtensibilityGlobals) = postSolution
		SolutionGuid = {45B74656-96A3-4DF2-A823-13DBB6C128A7}
	EndGlobalSection
EndGlobal
